
Microsoft Visual Studio Solution File, Format Version 12.00
# Visual Studio Version 17
VisualStudioVersion = 17.10.34928.147
MinimumVisualStudioVersion = 10.0.40219.1
Project("{FAE04EC0-301F-11D3-BF4B-00C04F79EFBC}") = "Test", "test1\Test.csproj", "{24D7D88F-CE04-4A10-95BC-46D8C1413B0E}"
EndProject
Global
	GlobalSection(SolutionConfigurationPlatforms) = preSolution
		Debug|Any CPU = Debug|Any CPU
		Release|Any CPU = Release|Any CPU
	EndGlobalSection
	GlobalSection(ProjectConfigurationPlatforms) = postSolution
		{24D7D88F-CE04-4A10-95BC-46D8C1413B0E}.Debug|Any CPU.ActiveCfg = Debug|Any CPU
		{24D7D88F-CE04-4A10-95BC-46D8C1413B0E}.Debug|Any CPU.Build.0 = Debug|Any CPU
		{24D7D88F-CE04-4A10-95BC-46D8C1413B0E}.Release|Any CPU.ActiveCfg = Release|Any CPU
		{24D7D88F-CE04-4A10-95BC-46D8C1413B0E}.Release|Any CPU.Build.0 = Release|Any CPU
	EndGlobalSection
	GlobalSection(SolutionProperties) = preSolution
		HideSolutionNode = FALSE
	EndGlobalSection
	GlobalSection(ExtensibilityGlobals) = postSolution
		SolutionGuid = {997C2EB4-C20E-4E2A-AD2D-C12CB44A83AA}
	EndGlobalSection
EndGlobal
